
Microsoft Visual Studio Solution File, Format Version 12.00
# Visual Studio 15
VisualStudioVersion = 15.0.27004.2002
MinimumVisualStudioVersion = 10.0.40219.1
Project("{FAE04EC0-301F-11D3-BF4B-00C04F79EFBC}") = "lhb_version_1.0", "lhb_version_1.0\lhb_version_1.0.csproj", "{D6DB3C71-9903-4106-9E57-D7CAAA5A9C1A}"
EndProject
Project("{FAE04EC0-301F-11D3-BF4B-00C04F79EFBC}") = "ClassLibrary1", "ClassLibrary1\ClassLibrary1.csproj", "{3A7B375E-5C24-4AA6-BBF7-86B696EF3E57}"
EndProject
Global
	GlobalSection(SolutionConfigurationPlatforms) = preSolution
		Debug|Any CPU = Debug|Any CPU
		Release|Any CPU = Release|Any CPU
	EndGlobalSection
	GlobalSection(ProjectConfigurationPlatforms) = postSolution
		{D6DB3C71-9903-4106-9E57-D7CAAA5A9C1A}.Debug|Any CPU.ActiveCfg = Debug|Any CPU
		{D6DB3C71-9903-4106-9E57-D7CAAA5A9C1A}.Debug|Any CPU.Build.0 = Debug|Any CPU
		{D6DB3C71-9903-4106-9E57-D7CAAA5A9C1A}.Release|Any CPU.ActiveCfg = Release|Any CPU
		{D6DB3C71-9903-4106-9E57-D7CAAA5A9C1A}.Release|Any CPU.Build.0 = Release|Any CPU
		{3A7B375E-5C24-4AA6-BBF7-86B696EF3E57}.Debug|Any CPU.ActiveCfg = Debug|Any CPU
		{3A7B375E-5C24-4AA6-BBF7-86B696EF3E57}.Debug|Any CPU.Build.0 = Debug|Any CPU
		{3A7B375E-5C24-4AA6-BBF7-86B696EF3E57}.Release|Any CPU.ActiveCfg = Release|Any CPU
		{3A7B375E-5C24-4AA6-BBF7-86B696EF3E57}.Release|Any CPU.Build.0 = Release|Any CPU
	EndGlobalSection
	GlobalSection(SolutionProperties) = preSolution
		HideSolutionNode = FALSE
	EndGlobalSection
	GlobalSection(ExtensibilityGlobals) = postSolution
		SolutionGuid = {5BBB3962-2B8C-486A-BC5C-29F245D3C645}
	EndGlobalSection
EndGlobal
